
Microsoft Visual Studio Solution File, Format Version 12.00
# Visual Studio Version 16
VisualStudioVersion = 16.0.32106.194
MinimumVisualStudioVersion = 10.0.40219.1
Project("{FAE04EC0-301F-11D3-BF4B-00C04F79EFBC}") = "WebAppMVC1", "WebAppMVC1\WebAppMVC1.csproj", "{24752ECB-3153-4284-B1E0-7D234E229F5B}"
EndProject
Global
	GlobalSection(SolutionConfigurationPlatforms) = preSolution
		Debug|Any CPU = Debug|Any CPU
		Release|Any CPU = Release|Any CPU
	EndGlobalSection
	GlobalSection(ProjectConfigurationPlatforms) = postSolution
		{24752ECB-3153-4284-B1E0-7D234E229F5B}.Debug|Any CPU.ActiveCfg = Debug|Any CPU
		{24752ECB-3153-4284-B1E0-7D234E229F5B}.Debug|Any CPU.Build.0 = Debug|Any CPU
		{24752ECB-3153-4284-B1E0-7D234E229F5B}.Release|Any CPU.ActiveCfg = Release|Any CPU
		{24752ECB-3153-4284-B1E0-7D234E229F5B}.Release|Any CPU.Build.0 = Release|Any CPU
	EndGlobalSection
	GlobalSection(SolutionProperties) = preSolution
		HideSolutionNode = FALSE
	EndGlobalSection
	GlobalSection(ExtensibilityGlobals) = postSolution
		SolutionGuid = {09DBB999-F1C0-431C-AE46-33245E949305}
	EndGlobalSection
EndGlobal
